
Microsoft Visual Studio Solution File, Format Version 12.00
# Visual Studio Version 17
VisualStudioVersion = 17.14.36408.4 d17.14
MinimumVisualStudioVersion = 10.0.40219.1
Project("{FAE04EC0-301F-11D3-BF4B-00C04F79EFBC}") = "WinFormsDotNet8_Vorlage", "WinFormsDotNet8_Vorlage\WinFormsDotNet8_Vorlage.csproj", "{DBF72F51-8214-4566-9565-D2EDD9D4EF2C}"
EndProject
Global
	GlobalSection(SolutionConfigurationPlatforms) = preSolution
		Debug|Any CPU = Debug|Any CPU
		Release|Any CPU = Release|Any CPU
	EndGlobalSection
	GlobalSection(ProjectConfigurationPlatforms) = postSolution
		{DBF72F51-8214-4566-9565-D2EDD9D4EF2C}.Debug|Any CPU.ActiveCfg = Debug|Any CPU
		{DBF72F51-8214-4566-9565-D2EDD9D4EF2C}.Debug|Any CPU.Build.0 = Debug|Any CPU
		{DBF72F51-8214-4566-9565-D2EDD9D4EF2C}.Release|Any CPU.ActiveCfg = Release|Any CPU
		{DBF72F51-8214-4566-9565-D2EDD9D4EF2C}.Release|Any CPU.Build.0 = Release|Any CPU
	EndGlobalSection
	GlobalSection(SolutionProperties) = preSolution
		HideSolutionNode = FALSE
	EndGlobalSection
	GlobalSection(ExtensibilityGlobals) = postSolution
		SolutionGuid = {567F6110-28B9-4A0B-8C0C-906252B5B98C}
	EndGlobalSection
EndGlobal
